{
  "name": "finsl-signbank",
  "version": "1.0.0",
  "lockfileVersion": 1,
  "requires": true,
  "dependencies": {
    "TagManager": {
      "version": "git+https://github.com/max-favilli/tagmanager.git#b43646ef2f2373facaf21c7acc5e3eea61188d76",
      "from": "git+https://github.com/max-favilli/tagmanager.git#b43646ef2f2373facaf21c7acc5e3eea61188d76",
      "dev": true,
      "requires": {
        "jquery": "1.12.4"
      },
      "dependencies": {
        "jquery": {
          "version": "1.12.4",
          "resolved": "https://registry.npmjs.org/jquery/-/jquery-1.12.4.tgz",
          "integrity": "sha1-AeHfuikP5z3rp3zurLD5ui/sngw=",
          "dev": true
        }
      }
    },
    "at.js": {
      "version": "1.5.4",
      "resolved": "https://registry.npmjs.org/at.js/-/at.js-1.5.4.tgz",
      "integrity": "sha512-G8mgUb/PqShPoH8AyjuxsTGvIr1o716BtQUKDM44C8qN2W615y7KGJ68MlTGamd0J0D/m28emUkzagaHTdrGZw==",
      "dev": true
    },
    "bootstrap": {
      "version": "3.4.1",
      "resolved": "https://registry.npmjs.org/bootstrap/-/bootstrap-3.4.1.tgz",
      "integrity": "sha512-yN5oZVmRCwe5aKwzRj6736nSmKDX7pLYwsXiCj/EYmo16hODaBiT4En5btW/jhBF/seV+XMx3aYwukYC3A49DA==",
      "dev": true
    },
    "cookieconsent": {
      "version": "3.0.6",
      "resolved": "https://registry.npmjs.org/cookieconsent/-/cookieconsent-3.0.6.tgz",
      "integrity": "sha512-itjtWcF5LcVgyBWfHGcmU0n9LfNZ6BzlKwm02lOqMvjacim9+83gNzsuxJc61+8tjvBXM3hfMl4jnquhHJbpxg==",
      "dev": true
    },
    "jquery": {
      "version": "3.3.1",
      "resolved": "https://registry.npmjs.org/jquery/-/jquery-3.3.1.tgz",
      "integrity": "sha512-Ubldcmxp5np52/ENotGxlLe6aGMvmF4R8S6tZjsP6Knsaxd/xp3Zrh50cG93lR6nPXyUFwzN3ZSOQI0wRJNdGg==",
      "dev": true
    },
    "jquery.caret": {
      "version": "0.3.1",
      "resolved": "https://registry.npmjs.org/jquery.caret/-/jquery.caret-0.3.1.tgz",
      "integrity": "sha1-nAkzGPrzJ+/zIugmyp8yQTaLx7g=",
      "dev": true
    },
    "mark.js": {
      "version": "8.11.1",
      "resolved": "https://registry.npmjs.org/mark.js/-/mark.js-8.11.1.tgz",
      "integrity": "sha1-GA8fnr74sOY45BZq1S24eb6y/8U=",
      "dev": true
    },
    "recordrtc": {
      "version": "5.4.6",
      "resolved": "https://registry.npmjs.org/recordrtc/-/recordrtc-5.4.6.tgz",
      "integrity": "sha1-vhxXBVBwg2OyP7pTAyaFS+BoMhA=",
      "dev": true
    },
    "sigma": {
      "version": "1.2.1",
      "resolved": "https://registry.npmjs.org/sigma/-/sigma-1.2.1.tgz",
      "integrity": "sha512-9Z0m1pssXv6sndPMvOzXnM1mVO73YCWDE6X5bKxJyG+9J0B9zJkgtgoBM7cnxEaJMzmrbxPceKTVpwF7cS/xqA==",
      "dev": true
    },
    "typeahead.js": {
      "version": "0.11.1",
      "resolved": "https://registry.npmjs.org/typeahead.js/-/typeahead.js-0.11.1.tgz",
      "integrity": "sha1-TmTmcbIjEKhgb0rsgFkkuoSwFbg=",
      "dev": true,
      "requires": {
        "jquery": "3.3.1"
      }
    }
  }
}
